GITHUBTARBALL
  remote: boxen/puppet-homebrew
  specs:
    homebrew (0.0.16)

GITHUBTARBALL
  remote: boxen/puppet-sudo
  specs:
    sudo (0.0.1)

GITHUBTARBALL
  remote: puppetlabs/puppetlabs-stdlib
  specs:
    stdlib (3.0.0)

DEPENDENCIES
  homebrew (= 0.0.16)
  stdlib (= 3.0.0)
  sudo (= 0.0.1)

