GITHUBTARBALL
  remote: boxen/puppet-homebrew
  specs:
    homebrew (0.0.16)

GITHUBTARBALL
  remote: boxen/puppet-repository
  specs:
    repository (2.2.0)

GITHUBTARBALL
  remote: boxen/puppet-sudo
  specs:
    sudo (0.0.1)

GITHUBTARBALL
  remote: puppetlabs/puppetlabs-stdlib
  specs:
    stdlib (4.1.0)

GITHUBTARBALL
  remote: ripienaar/puppet-module-data
  specs:
    module-data (0.0.1)

GITHUBTARBALL
  remote: toolbear/puppet-dotfiles
  specs:
    dotfiles (0.1.1.toolbear1)

DEPENDENCIES
  dotfiles (= 0.1.1.toolbear1)
  homebrew (= 0.0.16)
  module-data (= 0.0.1)
  repository (= 2.2.0)
  stdlib (= 4.1.0)
  sudo (= 0.0.1)

