GITHUBTARBALL
  remote: boxen/puppet-homebrew
  specs:
    homebrew (1.13.0)

GITHUBTARBALL
  remote: boxen/puppet-sudo
  specs:
    sudo (1.0.0)

GITHUBTARBALL
  remote: puppetlabs/puppetlabs-stdlib
  specs:
    stdlib (4.9.0)

GITHUBTARBALL
  remote: ripienaar/puppet-module-data
  specs:
    module-data (0.0.1)

DEPENDENCIES
  homebrew (= 1.13.0)
  module-data (= 0.0.1)
  stdlib (= 4.9.0)
  sudo (= 1.0.0)

